
Microsoft Visual Studio Solution File, Format Version 12.00
# Visual Studio Version 17
VisualStudioVersion = 17.4.33213.308
MinimumVisualStudioVersion = 10.0.40219.1
Project("{FAE04EC0-301F-11D3-BF4B-00C04F79EFBC}") = "Exercicios", "Exercicios\Exercicios.csproj", "{D8B032B7-7AB6-4FB7-9BC7-6CF6EED0672B}"
EndProject
Global
	GlobalSection(SolutionConfigurationPlatforms) = preSolution
		Debug|Any CPU = Debug|Any CPU
		Release|Any CPU = Release|Any CPU
	EndGlobalSection
	GlobalSection(ProjectConfigurationPlatforms) = postSolution
		{D8B032B7-7AB6-4FB7-9BC7-6CF6EED0672B}.Debug|Any CPU.ActiveCfg = Debug|Any CPU
		{D8B032B7-7AB6-4FB7-9BC7-6CF6EED0672B}.Debug|Any CPU.Build.0 = Debug|Any CPU
		{D8B032B7-7AB6-4FB7-9BC7-6CF6EED0672B}.Release|Any CPU.ActiveCfg = Release|Any CPU
		{D8B032B7-7AB6-4FB7-9BC7-6CF6EED0672B}.Release|Any CPU.Build.0 = Release|Any CPU
	EndGlobalSection
	GlobalSection(SolutionProperties) = preSolution
		HideSolutionNode = FALSE
	EndGlobalSection
	GlobalSection(ExtensibilityGlobals) = postSolution
		SolutionGuid = {80B7CC14-8A57-424A-8A64-630D75BE9878}
	EndGlobalSection
EndGlobal
